
Microsoft Visual Studio Solution File, Format Version 12.00
# Visual Studio Version 17
VisualStudioVersion = 17.10.35122.118
MinimumVisualStudioVersion = 10.0.40219.1
Project("{9A19103F-16F7-4668-BE54-9A1E7A4F7556}") = "MicroElements.Swashbuckle.FluentValidation.Api", "MicroElements.Swashbuckle.FluentValidation\MicroElements.Swashbuckle.FluentValidation.Api.csproj", "{F69DDD25-3B03-415D-AF5D-53D81BD7D5C3}"
EndProject
Global
	GlobalSection(SolutionConfigurationPlatforms) = preSolution
		Debug|Any CPU = Debug|Any CPU
		Release|Any CPU = Release|Any CPU
	EndGlobalSection
	GlobalSection(ProjectConfigurationPlatforms) = postSolution
		{F69DDD25-3B03-415D-AF5D-53D81BD7D5C3}.Debug|Any CPU.ActiveCfg = Debug|Any CPU
		{F69DDD25-3B03-415D-AF5D-53D81BD7D5C3}.Debug|Any CPU.Build.0 = Debug|Any CPU
		{F69DDD25-3B03-415D-AF5D-53D81BD7D5C3}.Release|Any CPU.ActiveCfg = Release|Any CPU
		{F69DDD25-3B03-415D-AF5D-53D81BD7D5C3}.Release|Any CPU.Build.0 = Release|Any CPU
	EndGlobalSection
	GlobalSection(SolutionProperties) = preSolution
		HideSolutionNode = FALSE
	EndGlobalSection
	GlobalSection(ExtensibilityGlobals) = postSolution
		SolutionGuid = {5A7C2B97-0BE8-4DB6-9820-830C29286CFF}
	EndGlobalSection
EndGlobal
